// !$*UTF8*$!
{
	archiveVersion = 1;
	classes = {
	};
	objectVersion = 46;
	objects = {

/* Begin PBXBuildFile section */
		F0BC3C091BD086E4001CAFD2 /* AppDelegate.swift in Sources */ = {isa = PBXBuildFile; fileRef = F0BC3C081BD086E4001CAFD2 /* AppDelegate.swift */; };
		F0BC3C0B1BD086E4001CAFD2 /* ViewController.swift in Sources */ = {isa = PBXBuildFile; fileRef = F0BC3C0A1BD086E4001CAFD2 /* ViewController.swift */; };
		F0BC3C0E1BD086E4001CAFD2 /* Main.storyboard in Resources */ = {isa = PBXBuildFile; fileRef = F0BC3C0C1BD086E4001CAFD2 /* Main.storyboard */; };
		F0BC3C101BD086E4001CAFD2 /* Assets.xcassets in Resources */ = {isa = PBXBuildFile; fileRef = F0BC3C0F1BD086E4001CAFD2 /* Assets.xcassets */; };
		F0BC3C131BD086E4001CAFD2 /* LaunchScreen.storyboard in Resources */ = {isa = PBXBuildFile; fileRef = F0BC3C111BD086E4001CAFD2 /* LaunchScreen.storyboard */; };
/* End PBXBuildFile section */

/* Begin PBXFileReference section */
		F0BC3C051BD086E4001CAFD2 /* Tut13.app */ = {isa = PBXFileReference; explicitFileType = wrapper.application; includeInIndex = 0; path = Tut13.app; sourceTree = BUILT_PRODUCTS_DIR; };
		F0BC3C081BD086E4001CAFD2 /* AppDelegate.swift */ = {isa = PBXFileReference; lastKnownFileType = sourcecode.swift; path = AppDelegate.swift; sourceTree = "<group>"; };
		F0BC3C0A1BD086E4001CAFD2 /* ViewController.swift */ = {isa = PBXFileReference; lastKnownFileType = sourcecode.swift; path = ViewController.swift; sourceTree = "<group>"; };
		F0BC3C0D1BD086E4001CAFD2 /* Base */ = {isa = PBXFileReference; lastKnownFileType = file.storyboard; name = Base; path = Base.lproj/Main.storyboard; sourceTree = "<group>"; };
		F0BC3C0F1BD086E4001CAFD2 /* Assets.xcassets */ = {isa = PBXFileReference; lastKnownFileType = folder.assetcatalog; path = Assets.xcassets; sourceTree = "<group>"; };
		F0BC3C121BD086E4001CAFD2 /* Base */ = {isa = PBXFileReference; lastKnownFileType = file.storyboard; name = Base; path = Base.lproj/LaunchScreen.storyboard; sourceTree = "<group>"; };
		F0BC3C141BD086E4001CAFD2 /* Info.plist */ = {isa = PBXFileReference; lastKnownFileType = text.plist.xml; path = Info.plist; sourceTree = "<group>"; };
/* End PBXFileReference section */

/* Begin PBXFrameworksBuildPhase section */
		F0BC3C021BD086E4001CAFD2 /* Frameworks */ = {
			isa = PBXFrameworksBuildPhase;
			buildActionMask = 2147483647;
			files = (
			);
			runOnlyForDeploymentPostprocessing = 0;
		};
/* End PBXFrameworksBuildPhase section */

/* Begin PBXGroup section */
		F0BC3BFC1BD086E4001CAFD2 = {
			isa = PBXGroup;
			children = (
				F0BC3C071BD086E4001CAFD2 /* Tut13 */,
				F0BC3C061BD086E4001CAFD2 /* Products */,
			);
			sourceTree = "<group>";
		};
		F0BC3C061BD086E4001CAFD2 /* Products */ = {
			isa = PBXGroup;
			children = (
				F0BC3C051BD086E4001CAFD2 /* Tut13.app */,
			);
			name = Products;
			sourceTree = "<group>";
		};
		F0BC3C071BD086E4001CAFD2 /* Tut13 */ = {
			isa = PBXGroup;
			children = (
				F0BC3C081BD086E4001CAFD2 /* AppDelegate.swift */,
				F0BC3C0A1BD086E4001CAFD2 /* ViewController.swift */,
				F0BC3C0C1BD086E4001CAFD2 /* Main.storyboard */,
				F0BC3C0F1BD086E4001CAFD2 /* Assets.xcassets */,
				F0BC3C111BD086E4001CAFD2 /* LaunchScreen.storyboard */,
				F0BC3C141BD086E4001CAFD2 /* Info.plist */,
			);
			path = Tut13;
			sourceTree = "<group>";
		};
/* End PBXGroup section */

/* Begin PBXNativeTarget section */
		F0BC3C041BD086E4001CAFD2 /* Tut13 */ = {
			isa = PBXNativeTarget;
			buildConfigurationList = F0BC3C171BD086E4001CAFD2 /* Build configuration list for PBXNativeTarget "Tut13" */;
			buildPhases = (
				F0BC3C011BD086E4001CAFD2 /* Sources */,
				F0BC3C021BD086E4001CAFD2 /* Frameworks */,
				F0BC3C031BD086E4001CAFD2 /* Resources */,
			);
			buildRules = (
			);
			dependencies = (
			);
			name = Tut13;
			productName = Tut13;
			productReference = F0BC3C051BD086E4001CAFD2 /* Tut13.app */;
			productType = "com.apple.product-type.application";
		};
/* End PBXNativeTarget section */

/* Begin PBXProject section */
		F0BC3BFD1BD086E4001CAFD2 /* Project object */ = {
			isa = PBXProject;
			attributes = {
				LastUpgradeCheck = 0700;
				ORGANIZATIONNAME = nickvido;
				TargetAttributes = {
					F0BC3C041BD086E4001CAFD2 = {
						CreatedOnToolsVersion = 7.0.1;
					};
				};
			};
			buildConfigurationList = F0BC3C001BD086E4001CAFD2 /* Build configuration list for PBXProject "Tut13" */;
			compatibilityVersion = "Xcode 3.2";
			developmentRegion = English;
			hasScannedForEncodings = 0;
			knownRegions = (
				en,
				Base,
			);
			mainGroup = F0BC3BFC1BD086E4001CAFD2;
			productRefGroup = F0BC3C061BD086E4001CAFD2 /* Products */;
			projectDirPath = "";
			projectRoot = "";
			targets = (
				F0BC3C041BD086E4001CAFD2 /* Tut13 */,
			);
		};
/* End PBXProject section */

/* Begin PBXResourcesBuildPhase section */
		F0BC3C031BD086E4001CAFD2 /* Resources */ = {
			isa = PBXResourcesBuildPhase;
			buildActionMask = 2147483647;
			files = (
				F0BC3C131BD086E4001CAFD2 /* LaunchScreen.storyboard in Resources */,
				F0BC3C101BD086E4001CAFD2 /* Assets.xcassets in Resources */,
				F0BC3C0E1BD086E4001CAFD2 /* Main.storyboard in Resources */,
			);
			runOnlyForDeploymentPostprocessing = 0;
		};
/* End PBXResourcesBuildPhase section */

/* Begin PBXSourcesBuildPhase section */
		F0BC3C011BD086E4001CAFD2 /* Sources */ = {
			isa = PBXSourcesBuildPhase;
			buildActionMask = 2147483647;
			files = (
				F0BC3C0B1BD086E4001CAFD2 /* ViewController.swift in Sources */,
				F0BC3C091BD086E4001CAFD2 /* AppDelegate.swift in Sources */,
			);
			runOnlyForDeploymentPostprocessing = 0;
		};
/* End PBXSourcesBuildPhase section */

/* Begin PBXVariantGroup section */
		F0BC3C0C1BD086E4001CAFD2 /* Main.storyboard */ = {
			isa = PBXVariantGroup;
			children = (
				F0BC3C0D1BD086E4001CAFD2 /* Base */,
			);
			name = Main.storyboard;
			sourceTree = "<group>";
		};
		F0BC3C111BD086E4001CAFD2 /* LaunchScreen.storyboard */ = {
			isa = PBXVariantGroup;
			children = (
				F0BC3C121BD086E4001CAFD2 /* Base */,
			);
			name = LaunchScreen.storyboard;
			sourceTree = "<group>";
		};
/* End PBXVariantGroup section */

/* Begin XCBuildConfiguration section */
		F0BC3C151BD086E4001CAFD2 /* Debug */ = {
			isa = XCBuildConfiguration;
			buildSettings = {
				ALWAYS_SEARCH_USER_PATHS = NO;
				CLANG_CXX_LANGUAGE_STANDARD = "gnu++0x";
				CLANG_CXX_LIBRARY = "libc++";
				CLANG_ENABLE_MODULES = YES;
				CLANG_ENABLE_OBJC_ARC = YES;
				CLANG_WARN_BOOL_CONVERSION = YES;
				CLANG_WARN_CONSTANT_CONVERSION = YES;
				CLANG_WARN_DIRECT_OBJC_ISA_USAGE = YES_ERROR;
				CLANG_WARN_EMPTY_BODY = YES;
				CLANG_WARN_ENUM_CONVERSION = YES;
				CLANG_WARN_INT_CONVERSION = YES;
				CLANG_WARN_OBJC_ROOT_CLASS = YES_ERROR;
				CLANG_WARN_UNREACHABLE_CODE = YES;
				CLANG_WARN__DUPLICATE_METHOD_MATCH = YES;
				"CODE_SIGN_IDENTITY[sdk=iphoneos*]" = "iPhone Developer";
				COPY_PHASE_STRIP = NO;
				DEBUG_INFORMATION_FORMAT = dwarf;
				ENABLE_STRICT_OBJC_MSGSEND = YES;
				ENABLE_TESTABILITY = YES;
				GCC_C_LANGUAGE_STANDARD = gnu99;
				GCC_DYNAMIC_NO_PIC = NO;
				GCC_NO_COMMON_BLOCKS = YES;
				GCC_OPTIMIZATION_LEVEL = 0;
				GCC_PREPROCESSOR_DEFINITIONS = (
					"DEBUG=1",
					"$(inherited)",
				);
				GCC_WARN_64_TO_32_BIT_CONVERSION = YES;
				GCC_WARN_ABOUT_RETURN_TYPE = YES_ERROR;
				GCC_WARN_UNDECLARED_SELECTOR = YES;
				GCC_WARN_UNINITIALIZED_AUTOS = YES_AGGRESSIVE;
				GCC_WARN_UNUSED_FUNCTION = YES;
				GCC_WARN_UNUSED_VARIABLE = YES;
				IPHONEOS_DEPLOYMENT_TARGET = 9.0;
				MTL_ENABLE_DEBUG_INFO = YES;
				ONLY_ACTIVE_ARCH = YES;
				SDKROOT = iphoneos;
				SWIFT_OPTIMIZATION_LEVEL = "-Onone";
				TARGETED_DEVICE_FAMILY = 2;
			};
			name = Debug;
		};
		F0BC3C161BD086E4001CAFD2 /* Release */ = {
			isa = XCBuildConfiguration;
			buildSettings = {
				ALWAYS_SEARCH_USER_PATHS = NO;
				CLANG_CXX_LANGUAGE_STANDARD = "gnu++0x";
				CLANG_CXX_LIBRARY = "libc++";
				CLANG_ENABLE_MODULES = YES;
				CLANG_ENABLE_OBJC_ARC = YES;
				CLANG_WARN_BOOL_CONVERSION = YES;
				CLANG_WARN_CONSTANT_CONVERSION = YES;
				CLANG_WARN_DIRECT_OBJC_ISA_USAGE = YES_ERROR;
				CLANG_WARN_EMPTY_BODY = YES;
				CLANG_WARN_ENUM_CONVERSION = YES;
				CLANG_WARN_INT_CONVERSION = YES;
				CLANG_WARN_OBJC_ROOT_CLASS = YES_ERROR;
				CLANG_WARN_UNREACHABLE_CODE = YES;
				CLANG_WARN__DUPLICATE_METHOD_MATCH = YES;
				"CODE_SIGN_IDENTITY[sdk=iphoneos*]" = "iPhone Developer";
				COPY_PHASE_STRIP = NO;
				DEBUG_INFORMATION_FORMAT = "dwarf-with-dsym";
				ENABLE_NS_ASSERTIONS = NO;
				ENABLE_STRICT_OBJC_MSGSEND = YES;
				GCC_C_LANGUAGE_STANDARD = gnu99;
				GCC_NO_COMMON_BLOCKS = YES;
				GCC_WARN_64_TO_32_BIT_CONVERSION = YES;
				GCC_WARN_ABOUT_RETURN_TYPE = YES_ERROR;
				GCC_WARN_UNDECLARED_SELECTOR = YES;
				GCC_WARN_UNINITIALIZED_AUTOS = YES_AGGRESSIVE;
				GCC_WARN_UNUSED_FUNCTION = YES;
				GCC_WARN_UNUSED_VARIABLE = YES;
				IPHONEOS_DEPLOYMENT_TARGET = 9.0;
				MTL_ENABLE_DEBUG_INFO = NO;
				SDKROOT = iphoneos;
				TARGETED_DEVICE_FAMILY = 2;
				VALIDATE_PRODUCT = YES;
			};
			name = Release;
		};
		F0BC3C181BD086E4001CAFD2 /* Debug */ = {
			isa = XCBuildConfiguration;
			buildSettings = {
				ASSETCATALOG_COMPILER_APPICON_NAME = AppIcon;
				INFOPLIST_FILE = Tut13/Info.plist;
				LD_RUNPATH_SEARCH_PATHS = "$(inherited) @executable_path/Frameworks";
				PRODUCT_BUNDLE_IDENTIFIER = com.nickvido.Tut13;
				PRODUCT_NAME = "$(TARGET_NAME)";
			};
			name = Debug;
		};
		F0BC3C191BD086E4001CAFD2 /* Release */ = {
			isa = XCBuildConfiguration;
			buildSettings = {
				ASSETCATALOG_COMPILER_APPICON_NAME = AppIcon;
				INFOPLIST_FILE = Tut13/Info.plist;
				LD_RUNPATH_SEARCH_PATHS = "$(inherited) @executable_path/Frameworks";
				PRODUCT_BUNDLE_IDENTIFIER = com.nickvido.Tut13;
				PRODUCT_NAME = "$(TARGET_NAME)";
			};
			name = Release;
		};
/* End XCBuildConfiguration section */

/* Begin XCConfigurationList section */
		F0BC3C001BD086E4001CAFD2 /* Build configuration list for PBXProject "Tut13" */ = {
			isa = XCConfigurationList;
			buildConfigurations = (
				F0BC3C151BD086E4001CAFD2 /* Debug */,
				F0BC3C161BD086E4001CAFD2 /* Release */,
			);
			defaultConfigurationIsVisible = 0;
			defaultConfigurationName = Release;
		};
		F0BC3C171BD086E4001CAFD2 /* Build configuration list for PBXNativeTarget "Tut13" */ = {
			isa = XCConfigurationList;
			buildConfigurations = (
				F0BC3C181BD086E4001CAFD2 /* Debug */,
				F0BC3C191BD086E4001CAFD2 /* Release */,
			);
			defaultConfigurationIsVisible = 0;
		};
/* End XCConfigurationList section */
	};
	rootObject = F0BC3BFD1BD086E4001CAFD2 /* Project object */;
}
